
Microsoft Visual Studio Solution File, Format Version 12.00
# Visual Studio Version 16
VisualStudioVersion = 16.0.30406.217
MinimumVisualStudioVersion = 10.0.40219.1
Project("{9A19103F-16F7-4668-BE54-9A1E7A4F7556}") = "Step-1", "..\Step-1\Step-1.csproj", "{8643B61D-5D2E-46D1-9DE1-4ADE7325BAFD}"
EndProject
Project("{9A19103F-16F7-4668-BE54-9A1E7A4F7556}") = "Step-2", "..\Step-2\Step-2.csproj", "{0F139B43-7348-4B2D-BD1D-651C8FE14A56}"
EndProject
Project("{9A19103F-16F7-4668-BE54-9A1E7A4F7556}") = "Step-3", "Step-3\Step-3.csproj", "{9643C39A-71A7-4786-A6BC-34100A7BFEE2}"
EndProject
Project("{9A19103F-16F7-4668-BE54-9A1E7A4F7556}") = "Step-4", "Step-4\Step-4.csproj", "{EE4A5567-6684-43D7-9B72-390DEB28F5A9}"
EndProject
Project("{9A19103F-16F7-4668-BE54-9A1E7A4F7556}") = "SampleForMethod", "SampleForMethod\SampleForMethod.csproj", "{9EB478C3-0E95-467C-960B-AC451BEA520C}"
EndProject
Project("{9A19103F-16F7-4668-BE54-9A1E7A4F7556}") = "Step-5", "Step-5\Step-5.csproj", "{730F9131-9984-4332-8D73-2C3E8FBEDF02}"
EndProject
Project("{9A19103F-16F7-4668-BE54-9A1E7A4F7556}") = "Step-6", "Step-6\Step-6.csproj", "{D917E1B4-C083-4F55-ABC0-16D3897BBA24}"
EndProject
Project("{9A19103F-16F7-4668-BE54-9A1E7A4F7556}") = "Step-7", "Step-7\Step-7.csproj", "{B0C438CD-2382-4ECB-9BB5-AB4E11E39282}"
EndProject
Project("{9A19103F-16F7-4668-BE54-9A1E7A4F7556}") = "TamrinOOP", "TamrinOOP\TamrinOOP.csproj", "{C0791606-4D71-4600-9876-4D9D7B8C54D7}"
EndProject
Project("{9A19103F-16F7-4668-BE54-9A1E7A4F7556}") = "KetabKhooneh", "KetabKhooneh\KetabKhooneh.csproj", "{79052E26-2DEF-411B-977B-FB925C4B46B6}"
EndProject
Project("{9A19103F-16F7-4668-BE54-9A1E7A4F7556}") = "EverythingAboutAbstractClass", "EverythingAboutAbstractClass\EverythingAboutAbstractClass.csproj", "{A525F5CE-41E3-4ADE-9464-2DF361E3DB2B}"
EndProject
Project("{9A19103F-16F7-4668-BE54-9A1E7A4F7556}") = "WhatIsNameSpace", "WhatIsNameSpace\WhatIsNameSpace.csproj", "{FCA63C65-DBDF-413F-85FB-E027A91BC2D9}"
EndProject
Project("{9A19103F-16F7-4668-BE54-9A1E7A4F7556}") = "Collections", "Collections\Collections.csproj", "{3304D883-BBF0-4F09-8D81-BB8FDBD1C50A}"
EndProject
Project("{9A19103F-16F7-4668-BE54-9A1E7A4F7556}") = "DictionaryCollectionSample", "DictionaryCollectionSample\DictionaryCollectionSample.csproj", "{5C79F0AD-8E30-42AD-9D26-BF2D6831E909}"
EndProject
Project("{9A19103F-16F7-4668-BE54-9A1E7A4F7556}") = "SortedDictionary", "SortedDictionary\SortedDictionary.csproj", "{79756B13-2D82-4D2A-9F2B-DEAE00D9035F}"
EndProject
Project("{9A19103F-16F7-4668-BE54-9A1E7A4F7556}") = "SortedListSample", "SortedList\SortedListSample.csproj", "{3124AB73-6067-4EFD-98B6-23DE3D7FA5D2}"
EndProject
Project("{9A19103F-16F7-4668-BE54-9A1E7A4F7556}") = "GenericSample", "GenericSample\GenericSample.csproj", "{96B274C4-D2DD-47FF-B63B-15B37E36AFFE}"
EndProject
Project("{9A19103F-16F7-4668-BE54-9A1E7A4F7556}") = "DelegateSample", "DelegateSample\DelegateSample.csproj", "{252B757C-85AA-4112-94B0-137A952A31BC}"
EndProject
Project("{9A19103F-16F7-4668-BE54-9A1E7A4F7556}") = "ExceptionSample", "ExceptionSample\ExceptionSample.csproj", "{86885223-2571-4170-8346-8DC8BA76D6EB}"
EndProject
Project("{FAE04EC0-301F-11D3-BF4B-00C04F79EFBC}") = "TamrinInterface", "TamrinInterface\TamrinInterface.csproj", "{935B37E8-A028-4D16-A13D-A8410C8C0F2B}"
EndProject
Global
	GlobalSection(SolutionConfigurationPlatforms) = preSolution
		Debug|Any CPU = Debug|Any CPU
		Release|Any CPU = Release|Any CPU
	EndGlobalSection
	GlobalSection(ProjectConfigurationPlatforms) = postSolution
		{8643B61D-5D2E-46D1-9DE1-4ADE7325BAFD}.Debug|Any CPU.ActiveCfg = Debug|Any CPU
		{8643B61D-5D2E-46D1-9DE1-4ADE7325BAFD}.Debug|Any CPU.Build.0 = Debug|Any CPU
		{8643B61D-5D2E-46D1-9DE1-4ADE7325BAFD}.Release|Any CPU.ActiveCfg = Release|Any CPU
		{8643B61D-5D2E-46D1-9DE1-4ADE7325BAFD}.Release|Any CPU.Build.0 = Release|Any CPU
		{0F139B43-7348-4B2D-BD1D-651C8FE14A56}.Debug|Any CPU.ActiveCfg = Debug|Any CPU
		{0F139B43-7348-4B2D-BD1D-651C8FE14A56}.Debug|Any CPU.Build.0 = Debug|Any CPU
		{0F139B43-7348-4B2D-BD1D-651C8FE14A56}.Release|Any CPU.ActiveCfg = Release|Any CPU
		{0F139B43-7348-4B2D-BD1D-651C8FE14A56}.Release|Any CPU.Build.0 = Release|Any CPU
		{9643C39A-71A7-4786-A6BC-34100A7BFEE2}.Debug|Any CPU.ActiveCfg = Debug|Any CPU
		{9643C39A-71A7-4786-A6BC-34100A7BFEE2}.Debug|Any CPU.Build.0 = Debug|Any CPU
		{9643C39A-71A7-4786-A6BC-34100A7BFEE2}.Release|Any CPU.ActiveCfg = Release|Any CPU
		{9643C39A-71A7-4786-A6BC-34100A7BFEE2}.Release|Any CPU.Build.0 = Release|Any CPU
		{EE4A5567-6684-43D7-9B72-390DEB28F5A9}.Debug|Any CPU.ActiveCfg = Debug|Any CPU
		{EE4A5567-6684-43D7-9B72-390DEB28F5A9}.Debug|Any CPU.Build.0 = Debug|Any CPU
		{EE4A5567-6684-43D7-9B72-390DEB28F5A9}.Release|Any CPU.ActiveCfg = Release|Any CPU
		{EE4A5567-6684-43D7-9B72-390DEB28F5A9}.Release|Any CPU.Build.0 = Release|Any CPU
		{9EB478C3-0E95-467C-960B-AC451BEA520C}.Debug|Any CPU.ActiveCfg = Debug|Any CPU
		{9EB478C3-0E95-467C-960B-AC451BEA520C}.Debug|Any CPU.Build.0 = Debug|Any CPU
		{9EB478C3-0E95-467C-960B-AC451BEA520C}.Release|Any CPU.ActiveCfg = Release|Any CPU
		{9EB478C3-0E95-467C-960B-AC451BEA520C}.Release|Any CPU.Build.0 = Release|Any CPU
		{730F9131-9984-4332-8D73-2C3E8FBEDF02}.Debug|Any CPU.ActiveCfg = Debug|Any CPU
		{730F9131-9984-4332-8D73-2C3E8FBEDF02}.Debug|Any CPU.Build.0 = Debug|Any CPU
		{730F9131-9984-4332-8D73-2C3E8FBEDF02}.Release|Any CPU.ActiveCfg = Release|Any CPU
		{730F9131-9984-4332-8D73-2C3E8FBEDF02}.Release|Any CPU.Build.0 = Release|Any CPU
		{D917E1B4-C083-4F55-ABC0-16D3897BBA24}.Debug|Any CPU.ActiveCfg = Debug|Any CPU
		{D917E1B4-C083-4F55-ABC0-16D3897BBA24}.Debug|Any CPU.Build.0 = Debug|Any CPU
		{D917E1B4-C083-4F55-ABC0-16D3897BBA24}.Release|Any CPU.ActiveCfg = Release|Any CPU
		{D917E1B4-C083-4F55-ABC0-16D3897BBA24}.Release|Any CPU.Build.0 = Release|Any CPU
		{B0C438CD-2382-4ECB-9BB5-AB4E11E39282}.Debug|Any CPU.ActiveCfg = Debug|Any CPU
		{B0C438CD-2382-4ECB-9BB5-AB4E11E39282}.Debug|Any CPU.Build.0 = Debug|Any CPU
		{B0C438CD-2382-4ECB-9BB5-AB4E11E39282}.Release|Any CPU.ActiveCfg = Release|Any CPU
		{B0C438CD-2382-4ECB-9BB5-AB4E11E39282}.Release|Any CPU.Build.0 = Release|Any CPU
		{C0791606-4D71-4600-9876-4D9D7B8C54D7}.Debug|Any CPU.ActiveCfg = Debug|Any CPU
		{C0791606-4D71-4600-9876-4D9D7B8C54D7}.Debug|Any CPU.Build.0 = Debug|Any CPU
		{C0791606-4D71-4600-9876-4D9D7B8C54D7}.Release|Any CPU.ActiveCfg = Release|Any CPU
		{C0791606-4D71-4600-9876-4D9D7B8C54D7}.Release|Any CPU.Build.0 = Release|Any CPU
		{79052E26-2DEF-411B-977B-FB925C4B46B6}.Debug|Any CPU.ActiveCfg = Debug|Any CPU
		{79052E26-2DEF-411B-977B-FB925C4B46B6}.Debug|Any CPU.Build.0 = Debug|Any CPU
		{79052E26-2DEF-411B-977B-FB925C4B46B6}.Release|Any CPU.ActiveCfg = Release|Any CPU
		{79052E26-2DEF-411B-977B-FB925C4B46B6}.Release|Any CPU.Build.0 = Release|Any CPU
		{A525F5CE-41E3-4ADE-9464-2DF361E3DB2B}.Debug|Any CPU.ActiveCfg = Debug|Any CPU
		{A525F5CE-41E3-4ADE-9464-2DF361E3DB2B}.Debug|Any CPU.Build.0 = Debug|Any CPU
		{A525F5CE-41E3-4ADE-9464-2DF361E3DB2B}.Release|Any CPU.ActiveCfg = Release|Any CPU
		{A525F5CE-41E3-4ADE-9464-2DF361E3DB2B}.Release|Any CPU.Build.0 = Release|Any CPU
		{FCA63C65-DBDF-413F-85FB-E027A91BC2D9}.Debug|Any CPU.ActiveCfg = Debug|Any CPU
		{FCA63C65-DBDF-413F-85FB-E027A91BC2D9}.Debug|Any CPU.Build.0 = Debug|Any CPU
		{FCA63C65-DBDF-413F-85FB-E027A91BC2D9}.Release|Any CPU.ActiveCfg = Release|Any CPU
		{FCA63C65-DBDF-413F-85FB-E027A91BC2D9}.Release|Any CPU.Build.0 = Release|Any CPU
		{3304D883-BBF0-4F09-8D81-BB8FDBD1C50A}.Debug|Any CPU.ActiveCfg = Debug|Any CPU
		{3304D883-BBF0-4F09-8D81-BB8FDBD1C50A}.Debug|Any CPU.Build.0 = Debug|Any CPU
		{3304D883-BBF0-4F09-8D81-BB8FDBD1C50A}.Release|Any CPU.ActiveCfg = Release|Any CPU
		{3304D883-BBF0-4F09-8D81-BB8FDBD1C50A}.Release|Any CPU.Build.0 = Release|Any CPU
		{5C79F0AD-8E30-42AD-9D26-BF2D6831E909}.Debug|Any CPU.ActiveCfg = Debug|Any CPU
		{5C79F0AD-8E30-42AD-9D26-BF2D6831E909}.Debug|Any CPU.Build.0 = Debug|Any CPU
		{5C79F0AD-8E30-42AD-9D26-BF2D6831E909}.Release|Any CPU.ActiveCfg = Release|Any CPU
		{5C79F0AD-8E30-42AD-9D26-BF2D6831E909}.Release|Any CPU.Build.0 = Release|Any CPU
		{79756B13-2D82-4D2A-9F2B-DEAE00D9035F}.Debug|Any CPU.ActiveCfg = Debug|Any CPU
		{79756B13-2D82-4D2A-9F2B-DEAE00D9035F}.Debug|Any CPU.Build.0 = Debug|Any CPU
		{79756B13-2D82-4D2A-9F2B-DEAE00D9035F}.Release|Any CPU.ActiveCfg = Release|Any CPU
		{79756B13-2D82-4D2A-9F2B-DEAE00D9035F}.Release|Any CPU.Build.0 = Release|Any CPU
		{3124AB73-6067-4EFD-98B6-23DE3D7FA5D2}.Debug|Any CPU.ActiveCfg = Debug|Any CPU
		{3124AB73-6067-4EFD-98B6-23DE3D7FA5D2}.Debug|Any CPU.Build.0 = Debug|Any CPU
		{3124AB73-6067-4EFD-98B6-23DE3D7FA5D2}.Release|Any CPU.ActiveCfg = Release|Any CPU
		{3124AB73-6067-4EFD-98B6-23DE3D7FA5D2}.Release|Any CPU.Build.0 = Release|Any CPU
		{96B274C4-D2DD-47FF-B63B-15B37E36AFFE}.Debug|Any CPU.ActiveCfg = Debug|Any CPU
		{96B274C4-D2DD-47FF-B63B-15B37E36AFFE}.Debug|Any CPU.Build.0 = Debug|Any CPU
		{96B274C4-D2DD-47FF-B63B-15B37E36AFFE}.Release|Any CPU.ActiveCfg = Release|Any CPU
		{96B274C4-D2DD-47FF-B63B-15B37E36AFFE}.Release|Any CPU.Build.0 = Release|Any CPU
		{252B757C-85AA-4112-94B0-137A952A31BC}.Debug|Any CPU.ActiveCfg = Debug|Any CPU
		{252B757C-85AA-4112-94B0-137A952A31BC}.Debug|Any CPU.Build.0 = Debug|Any CPU
		{252B757C-85AA-4112-94B0-137A952A31BC}.Release|Any CPU.ActiveCfg = Release|Any CPU
		{252B757C-85AA-4112-94B0-137A952A31BC}.Release|Any CPU.Build.0 = Release|Any CPU
		{86885223-2571-4170-8346-8DC8BA76D6EB}.Debug|Any CPU.ActiveCfg = Debug|Any CPU
		{86885223-2571-4170-8346-8DC8BA76D6EB}.Debug|Any CPU.Build.0 = Debug|Any CPU
		{86885223-2571-4170-8346-8DC8BA76D6EB}.Release|Any CPU.ActiveCfg = Release|Any CPU
		{86885223-2571-4170-8346-8DC8BA76D6EB}.Release|Any CPU.Build.0 = Release|Any CPU
		{935B37E8-A028-4D16-A13D-A8410C8C0F2B}.Debug|Any CPU.ActiveCfg = Debug|Any CPU
		{935B37E8-A028-4D16-A13D-A8410C8C0F2B}.Debug|Any CPU.Build.0 = Debug|Any CPU
		{935B37E8-A028-4D16-A13D-A8410C8C0F2B}.Release|Any CPU.ActiveCfg = Release|Any CPU
		{935B37E8-A028-4D16-A13D-A8410C8C0F2B}.Release|Any CPU.Build.0 = Release|Any CPU
	EndGlobalSection
	GlobalSection(SolutionProperties) = preSolution
		HideSolutionNode = FALSE
	EndGlobalSection
	GlobalSection(ExtensibilityGlobals) = postSolution
		SolutionGuid = {6085D643-8080-4A3A-8D68-50765DE97701}
	EndGlobalSection
EndGlobal
