
Microsoft Visual Studio Solution File, Format Version 12.00
# Visual Studio Version 16
VisualStudioVersion = 16.0.30406.217
MinimumVisualStudioVersion = 10.0.40219.1
Project("{9A19103F-16F7-4668-BE54-9A1E7A4F7556}") = "Step-1", "..\Step-1\Step-1.csproj", "{8643B61D-5D2E-46D1-9DE1-4ADE7325BAFD}"
EndProject
Project("{9A19103F-16F7-4668-BE54-9A1E7A4F7556}") = "Step-2", "..\Step-2\Step-2.csproj", "{0F139B43-7348-4B2D-BD1D-651C8FE14A56}"
EndProject
Project("{FAE04EC0-301F-11D3-BF4B-00C04F79EFBC}") = "ConsoleApp1", "ConsoleApp1\ConsoleApp1.csproj", "{DD347F4B-AB84-4699-A6EC-13B28D6D23C6}"
EndProject
Global
	GlobalSection(SolutionConfigurationPlatforms) = preSolution
		Debug|Any CPU = Debug|Any CPU
		Release|Any CPU = Release|Any CPU
	EndGlobalSection
	GlobalSection(ProjectConfigurationPlatforms) = postSolution
		{8643B61D-5D2E-46D1-9DE1-4ADE7325BAFD}.Debug|Any CPU.ActiveCfg = Debug|Any CPU
		{8643B61D-5D2E-46D1-9DE1-4ADE7325BAFD}.Debug|Any CPU.Build.0 = Debug|Any CPU
		{8643B61D-5D2E-46D1-9DE1-4ADE7325BAFD}.Release|Any CPU.ActiveCfg = Release|Any CPU
		{8643B61D-5D2E-46D1-9DE1-4ADE7325BAFD}.Release|Any CPU.Build.0 = Release|Any CPU
		{0F139B43-7348-4B2D-BD1D-651C8FE14A56}.Debug|Any CPU.ActiveCfg = Debug|Any CPU
		{0F139B43-7348-4B2D-BD1D-651C8FE14A56}.Debug|Any CPU.Build.0 = Debug|Any CPU
		{0F139B43-7348-4B2D-BD1D-651C8FE14A56}.Release|Any CPU.ActiveCfg = Release|Any CPU
		{0F139B43-7348-4B2D-BD1D-651C8FE14A56}.Release|Any CPU.Build.0 = Release|Any CPU
		{DD347F4B-AB84-4699-A6EC-13B28D6D23C6}.Debug|Any CPU.ActiveCfg = Debug|Any CPU
		{DD347F4B-AB84-4699-A6EC-13B28D6D23C6}.Debug|Any CPU.Build.0 = Debug|Any CPU
		{DD347F4B-AB84-4699-A6EC-13B28D6D23C6}.Release|Any CPU.ActiveCfg = Release|Any CPU
		{DD347F4B-AB84-4699-A6EC-13B28D6D23C6}.Release|Any CPU.Build.0 = Release|Any CPU
	EndGlobalSection
	GlobalSection(SolutionProperties) = preSolution
		HideSolutionNode = FALSE
	EndGlobalSection
	GlobalSection(ExtensibilityGlobals) = postSolution
		SolutionGuid = {6085D643-8080-4A3A-8D68-50765DE97701}
	EndGlobalSection
EndGlobal
